# This file is generated by running "yarn install" inside your project.
# Manual changes might be lost - proceed with caution!

__metadata:
  version: 4
  cacheKey: 8

"experimental-experiences@workspace:.":
  version: 0.0.0-use.local
  resolution: "experimental-experiences@workspace:."
  dependencies:
    husky: ^7.0.0
    pinst: ^2.0.0
  languageName: unknown
  linkType: soft

"fromentries@npm:^1.3.2":
  version: 1.3.2
  resolution: "fromentries@npm:1.3.2"
  checksum: 33729c529ce19f5494f846f0dd4945078f4e37f4e8955f4ae8cc7385c218f600e9d93a7d225d17636c20d1889106fd87061f911550861b7072f53bf891e6b341
  languageName: node
  linkType: hard

"husky@npm:^7.0.0":
  version: 7.0.2
  resolution: "husky@npm:7.0.2"
  bin:
    husky: lib/bin.js
  checksum: 2ccfe6ddc51dc05ae8ea1e2fbb893344e93a813e00c595d6b5f5e704b7b998d6b0e2adda7c57f99b5e46a60dc07c7d860269a2ea91661c6bacef0eca8e0b8e96
  languageName: node
  linkType: hard

"pinst@npm:^2.0.0":
  version: 2.1.6
  resolution: "pinst@npm:2.1.6"
  dependencies:
    fromentries: ^1.3.2
  bin:
    pinst: bin.js
  checksum: 3644c352a7a956a0a299012609783456e055b2c4dab274bcbe8ea86d3347355a0552da31a7f3fb6ce91d6102f27b6dde64edd69c2cdaaeb811b87bf205655e36
  languageName: node
  linkType: hard
